
Microsoft Visual Studio Solution File, Format Version 12.00
# Visual Studio Version 16
VisualStudioVersion = 16.0.31702.278
MinimumVisualStudioVersion = 10.0.40219.1
Project("{FAE04EC0-301F-11D3-BF4B-00C04F79EFBC}") = "Myfirstapp", "Myfirstapp\Myfirstapp.csproj", "{2D9F1E4D-AD0D-4832-8985-58F9EDC1C505}"
EndProject
Global
	GlobalSection(SolutionConfigurationPlatforms) = preSolution
		Debug|Any CPU = Debug|Any CPU
		Release|Any CPU = Release|Any CPU
	EndGlobalSection
	GlobalSection(ProjectConfigurationPlatforms) = postSolution
		{2D9F1E4D-AD0D-4832-8985-58F9EDC1C505}.Debug|Any CPU.ActiveCfg = Debug|Any CPU
		{2D9F1E4D-AD0D-4832-8985-58F9EDC1C505}.Debug|Any CPU.Build.0 = Debug|Any CPU
		{2D9F1E4D-AD0D-4832-8985-58F9EDC1C505}.Release|Any CPU.ActiveCfg = Release|Any CPU
		{2D9F1E4D-AD0D-4832-8985-58F9EDC1C505}.Release|Any CPU.Build.0 = Release|Any CPU
	EndGlobalSection
	GlobalSection(SolutionProperties) = preSolution
		HideSolutionNode = FALSE
	EndGlobalSection
	GlobalSection(ExtensibilityGlobals) = postSolution
		SolutionGuid = {252DE9A4-C91B-4128-B819-5D2AFC761266}
	EndGlobalSection
EndGlobal
